
Microsoft Visual Studio Solution File, Format Version 12.00
# Visual Studio Version 17
VisualStudioVersion = 17.0.32126.317
MinimumVisualStudioVersion = 10.0.40219.1
Project("{FAE04EC0-301F-11D3-BF4B-00C04F79EFBC}") = "Blaast", "Blaast\Blaast.csproj", "{617788E9-B896-470C-853B-B086CFD7BDA9}"
EndProject
Global
	GlobalSection(SolutionConfigurationPlatforms) = preSolution
		Debug|Any CPU = Debug|Any CPU
		Release|Any CPU = Release|Any CPU
	EndGlobalSection
	GlobalSection(ProjectConfigurationPlatforms) = postSolution
		{617788E9-B896-470C-853B-B086CFD7BDA9}.Debug|Any CPU.ActiveCfg = Debug|Any CPU
		{617788E9-B896-470C-853B-B086CFD7BDA9}.Debug|Any CPU.Build.0 = Debug|Any CPU
		{617788E9-B896-470C-853B-B086CFD7BDA9}.Release|Any CPU.ActiveCfg = Release|Any CPU
		{617788E9-B896-470C-853B-B086CFD7BDA9}.Release|Any CPU.Build.0 = Release|Any CPU
	EndGlobalSection
	GlobalSection(SolutionProperties) = preSolution
		HideSolutionNode = FALSE
	EndGlobalSection
	GlobalSection(ExtensibilityGlobals) = postSolution
		SolutionGuid = {BB0EB2A0-9574-4C51-9FD2-CE99E72855B0}
	EndGlobalSection
EndGlobal
